
Microsoft Visual Studio Solution File, Format Version 12.00
# Visual Studio Version 17
VisualStudioVersion = 17.8.34322.80
MinimumVisualStudioVersion = 10.0.40219.1
Project("{FAE04EC0-301F-11D3-BF4B-00C04F79EFBC}") = "WebEnterpriseMobileApp.Android", "WebEnterpriseMobileApp\WebEnterpriseMobileApp.Android\WebEnterpriseMobileApp.Android.csproj", "{0E8BEEE1-5A31-4534-926C-857293878141}"
EndProject
Project("{FAE04EC0-301F-11D3-BF4B-00C04F79EFBC}") = "WebEnterpriseMobileApp", "WebEnterpriseMobileApp\WebEnterpriseMobileApp\WebEnterpriseMobileApp.csproj", "{BF041768-9FDC-4C64-B70C-FD5C489768C1}"
EndProject
Global
	GlobalSection(SolutionConfigurationPlatforms) = preSolution
		Debug|Any CPU = Debug|Any CPU
		Release|Any CPU = Release|Any CPU
	EndGlobalSection
	GlobalSection(ProjectConfigurationPlatforms) = postSolution
		{0E8BEEE1-5A31-4534-926C-857293878141}.Debug|Any CPU.ActiveCfg = Debug|Any CPU
		{0E8BEEE1-5A31-4534-926C-857293878141}.Debug|Any CPU.Build.0 = Debug|Any CPU
		{0E8BEEE1-5A31-4534-926C-857293878141}.Debug|Any CPU.Deploy.0 = Debug|Any CPU
		{0E8BEEE1-5A31-4534-926C-857293878141}.Release|Any CPU.ActiveCfg = Release|Any CPU
		{0E8BEEE1-5A31-4534-926C-857293878141}.Release|Any CPU.Build.0 = Release|Any CPU
		{0E8BEEE1-5A31-4534-926C-857293878141}.Release|Any CPU.Deploy.0 = Release|Any CPU
		{BF041768-9FDC-4C64-B70C-FD5C489768C1}.Debug|Any CPU.ActiveCfg = Debug|Any CPU
		{BF041768-9FDC-4C64-B70C-FD5C489768C1}.Debug|Any CPU.Build.0 = Debug|Any CPU
		{BF041768-9FDC-4C64-B70C-FD5C489768C1}.Debug|Any CPU.Deploy.0 = Debug|Any CPU
		{BF041768-9FDC-4C64-B70C-FD5C489768C1}.Release|Any CPU.ActiveCfg = Release|Any CPU
		{BF041768-9FDC-4C64-B70C-FD5C489768C1}.Release|Any CPU.Build.0 = Release|Any CPU
		{BF041768-9FDC-4C64-B70C-FD5C489768C1}.Release|Any CPU.Deploy.0 = Release|Any CPU
	EndGlobalSection
	GlobalSection(SolutionProperties) = preSolution
		HideSolutionNode = FALSE
	EndGlobalSection
	GlobalSection(ExtensibilityGlobals) = postSolution
		SolutionGuid = {8666F8C9-B5BB-41C5-8DD2-8575BF9EEFAC}
	EndGlobalSection
EndGlobal
